
Microsoft Visual Studio Solution File, Format Version 12.00
# Visual Studio Version 16
VisualStudioVersion = 16.0.30804.86
MinimumVisualStudioVersion = 10.0.40219.1
Project("{FAE04EC0-301F-11D3-BF4B-00C04F79EFBC}") = "ChatBot", "ChatBot\ChatBot.csproj", "{9613053E-7372-4588-8345-B640F533F4F1}"
EndProject
Global
	GlobalSection(SolutionConfigurationPlatforms) = preSolution
		Debug|Any CPU = Debug|Any CPU
		Release|Any CPU = Release|Any CPU
	EndGlobalSection
	GlobalSection(ProjectConfigurationPlatforms) = postSolution
		{9613053E-7372-4588-8345-B640F533F4F1}.Debug|Any CPU.ActiveCfg = Debug|Any CPU
		{9613053E-7372-4588-8345-B640F533F4F1}.Debug|Any CPU.Build.0 = Debug|Any CPU
		{9613053E-7372-4588-8345-B640F533F4F1}.Release|Any CPU.ActiveCfg = Release|Any CPU
		{9613053E-7372-4588-8345-B640F533F4F1}.Release|Any CPU.Build.0 = Release|Any CPU
	EndGlobalSection
	GlobalSection(SolutionProperties) = preSolution
		HideSolutionNode = FALSE
	EndGlobalSection
	GlobalSection(ExtensibilityGlobals) = postSolution
		SolutionGuid = {9E6156F7-6FD9-4B25-9676-DAC7184C62E6}
	EndGlobalSection
EndGlobal
